// !$*UTF8*$!
{
	archiveVersion = 1;
	classes = {
	};
	objectVersion = 46;
	objects = {

/* Begin PBXBuildFile section */
		159B17BC1BFEABC20057BC7A /* KeyboardViewController.swift in Sources */ = {isa = PBXBuildFile; fileRef = 159B17BB1BFEABC20057BC7A /* KeyboardViewController.swift */; };
		159B17C01BFEABC20057BC7A /* PragmaticTweetsKeyboard.appex in Embed App Extensions */ = {isa = PBXBuildFile; fileRef = 159B17B91BFEABC20057BC7A /* PragmaticTweetsKeyboard.appex */; settings = {ATTRIBUTES = (RemoveHeadersOnCopy, ); }; };
		159B17C61BFEAD080057BC7A /* PragmaticTweetsKeyboard.storyboard in Resources */ = {isa = PBXBuildFile; fileRef = 159B17C51BFEAD080057BC7A /* PragmaticTweetsKeyboard.storyboard */; settings = {ASSET_TAGS = (); }; };
		159B17D11BFEBC450057BC7A /* PragmaticTweetsFramework.h in Headers */ = {isa = PBXBuildFile; fileRef = 159B17D01BFEBC450057BC7A /* PragmaticTweetsFramework.h */; settings = {ATTRIBUTES = (Public, ); }; };
		159B17D81BFEBC450057BC7A /* PragmaticTweetsFramework.framework in Frameworks */ = {isa = PBXBuildFile; fileRef = 159B17CE1BFEBC450057BC7A /* PragmaticTweetsFramework.framework */; settings = {ASSET_TAGS = (); }; };
		159B17DF1BFEBC450057BC7A /* PragmaticTweetsFrameworkTests.swift in Sources */ = {isa = PBXBuildFile; fileRef = 159B17DE1BFEBC450057BC7A /* PragmaticTweetsFrameworkTests.swift */; };
		159B17E31BFEBC450057BC7A /* PragmaticTweetsFramework.framework in Frameworks */ = {isa = PBXBuildFile; fileRef = 159B17CE1BFEBC450057BC7A /* PragmaticTweetsFramework.framework */; };
		159B17E41BFEBC450057BC7A /* PragmaticTweetsFramework.framework in Embed Frameworks */ = {isa = PBXBuildFile; fileRef = 159B17CE1BFEBC450057BC7A /* PragmaticTweetsFramework.framework */; settings = {ATTRIBUTES = (CodeSignOnCopy, RemoveHeadersOnCopy, ); }; };
		159B17EC1BFEBCAD0057BC7A /* TwitterAPIRequestUtilities.swift in Sources */ = {isa = PBXBuildFile; fileRef = 1506795C1BFC0AFE009FF3D7 /* TwitterAPIRequestUtilities.swift */; settings = {ASSET_TAGS = (); }; };
		159B17ED1BFEBCB10057BC7A /* ParsedTweet.swift in Sources */ = {isa = PBXBuildFile; fileRef = 159B30461BFAAD3D00410CAC /* ParsedTweet.swift */; settings = {ASSET_TAGS = (); }; };
		159B30491BFAB54000410CAC /* ParsedTweetCell.swift in Sources */ = {isa = PBXBuildFile; fileRef = 159B30481BFAB54000410CAC /* ParsedTweetCell.swift */; settings = {ASSET_TAGS = (); }; };
		15A676E51BFC1AE10080000C /* TweetDetailViewController.swift in Sources */ = {isa = PBXBuildFile; fileRef = 15A676E41BFC1AE10080000C /* TweetDetailViewController.swift */; settings = {ASSET_TAGS = (); }; };
		15B567E91BFD65CC00239B0C /* SizeClassOverrideViewController.swift in Sources */ = {isa = PBXBuildFile; fileRef = 15B567E81BFD65CC00239B0C /* SizeClassOverrideViewController.swift */; settings = {ASSET_TAGS = (); }; };
		15B567EC1BFD6C7500239B0C /* UserImageDetailViewController.swift in Sources */ = {isa = PBXBuildFile; fileRef = 15B567EB1BFD6C7500239B0C /* UserImageDetailViewController.swift */; settings = {ASSET_TAGS = (); }; };
		15C5DFCA1BF94AF800B10A47 /* AppDelegate.swift in Sources */ = {isa = PBXBuildFile; fileRef = 15C5DFC91BF94AF800B10A47 /* AppDelegate.swift */; };
		15C5DFCC1BF94AF800B10A47 /* RootViewController.swift in Sources */ = {isa = PBXBuildFile; fileRef = 15C5DFCB1BF94AF800B10A47 /* RootViewController.swift */; };
		15C5DFCF1BF94AF800B10A47 /* Main.storyboard in Resources */ = {isa = PBXBuildFile; fileRef = 15C5DFCD1BF94AF800B10A47 /* Main.storyboard */; };
		15C5DFD11BF94AF800B10A47 /* Assets.xcassets in Resources */ = {isa = PBXBuildFile; fileRef = 15C5DFD01BF94AF800B10A47 /* Assets.xcassets */; };
		15C5DFD41BF94AF800B10A47 /* LaunchScreen.storyboard in Resources */ = {isa = PBXBuildFile; fileRef = 15C5DFD21BF94AF800B10A47 /* LaunchScreen.storyboard */; };
		15C5DFDF1BF94AF800B10A47 /* PragmaticTweetsTests.swift in Sources */ = {isa = PBXBuildFile; fileRef = 15C5DFDE1BF94AF800B10A47 /* PragmaticTweetsTests.swift */; };
		15C5DFEA1BF94AF800B10A47 /* PragmaticTweetsUITests.swift in Sources */ = {isa = PBXBuildFile; fileRef = 15C5DFE91BF94AF800B10A47 /* PragmaticTweetsUITests.swift */; };
		15DD92F41BFD4EB10037FEF8 /* UserDetailViewController.swift in Sources */ = {isa = PBXBuildFile; fileRef = 15DD92F31BFD4EB10037FEF8 /* UserDetailViewController.swift */; settings = {ASSET_TAGS = (); }; };
/* End PBXBuildFile section */

/* Begin PBXContainerItemProxy section */
		150BD4C41BFEBDF100D66C50 /* PBXContainerItemProxy */ = {
			isa = PBXContainerItemProxy;
			containerPortal = 15C5DFBE1BF94AF700B10A47 /* Project object */;
			proxyType = 1;
			remoteGlobalIDString = 159B17CD1BFEBC450057BC7A;
			remoteInfo = PragmaticTweetsFramework;
		};
		159B17BE1BFEABC20057BC7A /* PBXContainerItemProxy */ = {
			isa = PBXContainerItemProxy;
			containerPortal = 15C5DFBE1BF94AF700B10A47 /* Project object */;
			proxyType = 1;
			remoteGlobalIDString = 159B17B81BFEABC20057BC7A;
			remoteInfo = PragmaticTweetsKeyboard;
		};
		159B17D91BFEBC450057BC7A /* PBXContainerItemProxy */ = {
			isa = PBXContainerItemProxy;
			containerPortal = 15C5DFBE1BF94AF700B10A47 /* Project object */;
			proxyType = 1;
			remoteGlobalIDString = 159B17CD1BFEBC450057BC7A;
			remoteInfo = PragmaticTweetsFramework;
		};
		159B17DB1BFEBC450057BC7A /* PBXContainerItemProxy */ = {
			isa = PBXContainerItemProxy;
			containerPortal = 15C5DFBE1BF94AF700B10A47 /* Project object */;
			proxyType = 1;
			remoteGlobalIDString = 15C5DFC51BF94AF700B10A47;
			remoteInfo = PragmaticTweets;
		};
		159B17E11BFEBC450057BC7A /* PBXContainerItemProxy */ = {
			isa = PBXContainerItemProxy;
			containerPortal = 15C5DFBE1BF94AF700B10A47 /* Project object */;
			proxyType = 1;
			remoteGlobalIDString = 159B17CD1BFEBC450057BC7A;
			remoteInfo = PragmaticTweetsFramework;
		};
		15C5DFDB1BF94AF800B10A47 /* PBXContainerItemProxy */ = {
			isa = PBXContainerItemProxy;
			containerPortal = 15C5DFBE1BF94AF700B10A47 /* Project object */;
			proxyType = 1;
			remoteGlobalIDString = 15C5DFC51BF94AF700B10A47;
			remoteInfo = PragmaticTweets;
		};
		15C5DFE61BF94AF800B10A47 /* PBXContainerItemProxy */ = {
			isa = PBXContainerItemProxy;
			containerPortal = 15C5DFBE1BF94AF700B10A47 /* Project object */;
			proxyType = 1;
			remoteGlobalIDString = 15C5DFC51BF94AF700B10A47;
			remoteInfo = PragmaticTweets;
		};
/* End PBXContainerItemProxy section */

/* Begin PBXCopyFilesBuildPhase section */
		159B17C41BFEABC20057BC7A /* Embed App Extensions */ = {
			isa = PBXCopyFilesBuildPhase;
			buildActionMask = 2147483647;
			dstPath = "";
			dstSubfolderSpec = 13;
			files = (
				159B17C01BFEABC20057BC7A /* PragmaticTweetsKeyboard.appex in Embed App Extensions */,
			);
			name = "Embed App Extensions";
			runOnlyForDeploymentPostprocessing = 0;
		};
		159B17E81BFEBC450057BC7A /* Embed Frameworks */ = {
			isa = PBXCopyFilesBuildPhase;
			buildActionMask = 2147483647;
			dstPath = "";
			dstSubfolderSpec = 10;
			files = (
				159B17E41BFEBC450057BC7A /* PragmaticTweetsFramework.framework in Embed Frameworks */,
			);
			name = "Embed Frameworks";
			runOnlyForDeploymentPostprocessing = 0;
		};
/* End PBXCopyFilesBuildPhase section */

/* Begin PBXFileReference section */
		1506795C1BFC0AFE009FF3D7 /* TwitterAPIRequestUtilities.swift */ = {isa = PBXFileReference; fileEncoding = 4; lastKnownFileType = sourcecode.swift; name = TwitterAPIRequestUtilities.swift; path = ../PragmaticTweets/TwitterAPIRequestUtilities.swift; sourceTree = "<group>"; };
		159B17B91BFEABC20057BC7A /* PragmaticTweetsKeyboard.appex */ = {isa = PBXFileReference; explicitFileType = "wrapper.app-extension"; includeInIndex = 0; path = PragmaticTweetsKeyboard.appex; sourceTree = BUILT_PRODUCTS_DIR; };
		159B17BB1BFEABC20057BC7A /* KeyboardViewController.swift */ = {isa = PBXFileReference; lastKnownFileType = sourcecode.swift; path = KeyboardViewController.swift; sourceTree = "<group>"; };
		159B17BD1BFEABC20057BC7A /* Info.plist */ = {isa = PBXFileReference; lastKnownFileType = text.plist.xml; path = Info.plist; sourceTree = "<group>"; };
		159B17C51BFEAD080057BC7A /* PragmaticTweetsKeyboard.storyboard */ = {isa = PBXFileReference; fileEncoding = 4; lastKnownFileType = file.storyboard; path = PragmaticTweetsKeyboard.storyboard; sourceTree = "<group>"; };
		159B17CE1BFEBC450057BC7A /* PragmaticTweetsFramework.framework */ = {isa = PBXFileReference; explicitFileType = wrapper.framework; includeInIndex = 0; path = PragmaticTweetsFramework.framework; sourceTree = BUILT_PRODUCTS_DIR; };
		159B17D01BFEBC450057BC7A /* PragmaticTweetsFramework.h */ = {isa = PBXFileReference; lastKnownFileType = sourcecode.c.h; path = PragmaticTweetsFramework.h; sourceTree = "<group>"; };
		159B17D21BFEBC450057BC7A /* Info.plist */ = {isa = PBXFileReference; lastKnownFileType = text.plist.xml; path = Info.plist; sourceTree = "<group>"; };
		159B17D71BFEBC450057BC7A /* PragmaticTweetsFrameworkTests.xctest */ = {isa = PBXFileReference; explicitFileType = wrapper.cfbundle; includeInIndex = 0; path = PragmaticTweetsFrameworkTests.xctest; sourceTree = BUILT_PRODUCTS_DIR; };
		159B17DE1BFEBC450057BC7A /* PragmaticTweetsFrameworkTests.swift */ = {isa = PBXFileReference; lastKnownFileType = sourcecode.swift; path = PragmaticTweetsFrameworkTests.swift; sourceTree = "<group>"; };
		159B17E01BFEBC450057BC7A /* Info.plist */ = {isa = PBXFileReference; lastKnownFileType = text.plist.xml; path = Info.plist; sourceTree = "<group>"; };
		159B30461BFAAD3D00410CAC /* ParsedTweet.swift */ = {isa = PBXFileReference; fileEncoding = 4; lastKnownFileType = sourcecode.swift; name = ParsedTweet.swift; path = ../ParsedTweet.swift; sourceTree = "<group>"; };
		159B30481BFAB54000410CAC /* ParsedTweetCell.swift */ = {isa = PBXFileReference; fileEncoding = 4; lastKnownFileType = sourcecode.swift; name = ParsedTweetCell.swift; path = ../ParsedTweetCell.swift; sourceTree = "<group>"; };
		15A676E41BFC1AE10080000C /* TweetDetailViewController.swift */ = {isa = PBXFileReference; fileEncoding = 4; lastKnownFileType = sourcecode.swift; path = TweetDetailViewController.swift; sourceTree = "<group>"; };
		15B567E81BFD65CC00239B0C /* SizeClassOverrideViewController.swift */ = {isa = PBXFileReference; fileEncoding = 4; lastKnownFileType = sourcecode.swift; path = SizeClassOverrideViewController.swift; sourceTree = "<group>"; };
		15B567EB1BFD6C7500239B0C /* UserImageDetailViewController.swift */ = {isa = PBXFileReference; fileEncoding = 4; lastKnownFileType = sourcecode.swift; path = UserImageDetailViewController.swift; sourceTree = "<group>"; };
		15C5DFC61BF94AF700B10A47 /* PragmaticTweets.app */ = {isa = PBXFileReference; explicitFileType = wrapper.application; includeInIndex = 0; path = PragmaticTweets.app; sourceTree = BUILT_PRODUCTS_DIR; };
		15C5DFC91BF94AF800B10A47 /* AppDelegate.swift */ = {isa = PBXFileReference; lastKnownFileType = sourcecode.swift; path = AppDelegate.swift; sourceTree = "<group>"; };
		15C5DFCB1BF94AF800B10A47 /* RootViewController.swift */ = {isa = PBXFileReference; lastKnownFileType = sourcecode.swift; path = RootViewController.swift; sourceTree = "<group>"; };
		15C5DFCE1BF94AF800B10A47 /* Base */ = {isa = PBXFileReference; lastKnownFileType = file.storyboard; name = Base; path = Base.lproj/Main.storyboard; sourceTree = "<group>"; };
		15C5DFD01BF94AF800B10A47 /* Assets.xcassets */ = {isa = PBXFileReference; lastKnownFileType = folder.assetcatalog; path = Assets.xcassets; sourceTree = "<group>"; };
		15C5DFD31BF94AF800B10A47 /* Base */ = {isa = PBXFileReference; lastKnownFileType = file.storyboard; name = Base; path = Base.lproj/LaunchScreen.storyboard; sourceTree = "<group>"; };
		15C5DFD51BF94AF800B10A47 /* Info.plist */ = {isa = PBXFileReference; lastKnownFileType = text.plist.xml; path = Info.plist; sourceTree = "<group>"; };
		15C5DFDA1BF94AF800B10A47 /* PragmaticTweetsTests.xctest */ = {isa = PBXFileReference; explicitFileType = wrapper.cfbundle; includeInIndex = 0; path = PragmaticTweetsTests.xctest; sourceTree = BUILT_PRODUCTS_DIR; };
		15C5DFDE1BF94AF800B10A47 /* PragmaticTweetsTests.swift */ = {isa = PBXFileReference; lastKnownFileType = sourcecode.swift; path = PragmaticTweetsTests.swift; sourceTree = "<group>"; };
		15C5DFE01BF94AF800B10A47 /* Info.plist */ = {isa = PBXFileReference; lastKnownFileType = text.plist.xml; path = Info.plist; sourceTree = "<group>"; };
		15C5DFE51BF94AF800B10A47 /* PragmaticTweetsUITests.xctest */ = {isa = PBXFileReference; explicitFileType = wrapper.cfbundle; includeInIndex = 0; path = PragmaticTweetsUITests.xctest; sourceTree = BUILT_PRODUCTS_DIR; };
		15C5DFE91BF94AF800B10A47 /* PragmaticTweetsUITests.swift */ = {isa = PBXFileReference; lastKnownFileType = sourcecode.swift; path = PragmaticTweetsUITests.swift; sourceTree = "<group>"; };
		15C5DFEB1BF94AF800B10A47 /* Info.plist */ = {isa = PBXFileReference; lastKnownFileType = text.plist.xml; path = Info.plist; sourceTree = "<group>"; };
		15DD92F31BFD4EB10037FEF8 /* UserDetailViewController.swift */ = {isa = PBXFileReference; fileEncoding = 4; lastKnownFileType = sourcecode.swift; path = UserDetailViewController.swift; sourceTree = "<group>"; };
/* End PBXFileReference section */

/* Begin PBXFrameworksBuildPhase section */
		159B17B61BFEABC20057BC7A /* Frameworks */ = {
			isa = PBXFrameworksBuildPhase;
			buildActionMask = 2147483647;
			files = (
			);
			runOnlyForDeploymentPostprocessing = 0;
		};
		159B17CA1BFEBC450057BC7A /* Frameworks */ = {
			isa = PBXFrameworksBuildPhase;
			buildActionMask = 2147483647;
			files = (
			);
			runOnlyForDeploymentPostprocessing = 0;
		};
		159B17D41BFEBC450057BC7A /* Frameworks */ = {
			isa = PBXFrameworksBuildPhase;
			buildActionMask = 2147483647;
			files = (
				159B17D81BFEBC450057BC7A /* PragmaticTweetsFramework.framework in Frameworks */,
			);
			runOnlyForDeploymentPostprocessing = 0;
		};
		15C5DFC31BF94AF700B10A47 /* Frameworks */ = {
			isa = PBXFrameworksBuildPhase;
			buildActionMask = 2147483647;
			files = (
				159B17E31BFEBC450057BC7A /* PragmaticTweetsFramework.framework in Frameworks */,
			);
			runOnlyForDeploymentPostprocessing = 0;
		};
		15C5DFD71BF94AF800B10A47 /* Frameworks */ = {
			isa = PBXFrameworksBuildPhase;
			buildActionMask = 2147483647;
			files = (
			);
			runOnlyForDeploymentPostprocessing = 0;
		};
		15C5DFE21BF94AF800B10A47 /* Frameworks */ = {
			isa = PBXFrameworksBuildPhase;
			buildActionMask = 2147483647;
			files = (
			);
			runOnlyForDeploymentPostprocessing = 0;
		};
/* End PBXFrameworksBuildPhase section */

/* Begin PBXGroup section */
		1506795A1BFC095D009FF3D7 /* Root VC */ = {
			isa = PBXGroup;
			children = (
				159B30481BFAB54000410CAC /* ParsedTweetCell.swift */,
				15C5DFCB1BF94AF800B10A47 /* RootViewController.swift */,
			);
			name = "Root VC";
			sourceTree = "<group>";
		};
		159B17BA1BFEABC20057BC7A /* PragmaticTweetsKeyboard */ = {
			isa = PBXGroup;
			children = (
				159B17BB1BFEABC20057BC7A /* KeyboardViewController.swift */,
				159B17BD1BFEABC20057BC7A /* Info.plist */,
				159B17C51BFEAD080057BC7A /* PragmaticTweetsKeyboard.storyboard */,
			);
			path = PragmaticTweetsKeyboard;
			sourceTree = "<group>";
		};
		159B17CF1BFEBC450057BC7A /* PragmaticTweetsFramework */ = {
			isa = PBXGroup;
			children = (
				1506795C1BFC0AFE009FF3D7 /* TwitterAPIRequestUtilities.swift */,
				159B30461BFAAD3D00410CAC /* ParsedTweet.swift */,
				159B17D01BFEBC450057BC7A /* PragmaticTweetsFramework.h */,
				159B17D21BFEBC450057BC7A /* Info.plist */,
			);
			path = PragmaticTweetsFramework;
			sourceTree = "<group>";
		};
		159B17DD1BFEBC450057BC7A /* PragmaticTweetsFrameworkTests */ = {
			isa = PBXGroup;
			children = (
				159B17DE1BFEBC450057BC7A /* PragmaticTweetsFrameworkTests.swift */,
				159B17E01BFEBC450057BC7A /* Info.plist */,
			);
			path = PragmaticTweetsFrameworkTests;
			sourceTree = "<group>";
		};
		15A676E31BFC1A8B0080000C /* Tweet Detail VC */ = {
			isa = PBXGroup;
			children = (
				15A676E41BFC1AE10080000C /* TweetDetailViewController.swift */,
			);
			name = "Tweet Detail VC";
			sourceTree = "<group>";
		};
		15B567E71BFD65A400239B0C /* Size Class Override */ = {
			isa = PBXGroup;
			children = (
				15B567E81BFD65CC00239B0C /* SizeClassOverrideViewController.swift */,
			);
			name = "Size Class Override";
			sourceTree = "<group>";
		};
		15B567EA1BFD6C5000239B0C /* User Image Detail VC */ = {
			isa = PBXGroup;
			children = (
				15B567EB1BFD6C7500239B0C /* UserImageDetailViewController.swift */,
			);
			name = "User Image Detail VC";
			sourceTree = "<group>";
		};
		15C5DFBD1BF94AF700B10A47 = {
			isa = PBXGroup;
			children = (
				15C5DFC81BF94AF800B10A47 /* PragmaticTweets */,
				15C5DFDD1BF94AF800B10A47 /* PragmaticTweetsTests */,
				15C5DFE81BF94AF800B10A47 /* PragmaticTweetsUITests */,
				159B17BA1BFEABC20057BC7A /* PragmaticTweetsKeyboard */,
				159B17CF1BFEBC450057BC7A /* PragmaticTweetsFramework */,
				159B17DD1BFEBC450057BC7A /* PragmaticTweetsFrameworkTests */,
				15C5DFC71BF94AF700B10A47 /* Products */,
			);
			sourceTree = "<group>";
		};
		15C5DFC71BF94AF700B10A47 /* Products */ = {
			isa = PBXGroup;
			children = (
				15C5DFC61BF94AF700B10A47 /* PragmaticTweets.app */,
				15C5DFDA1BF94AF800B10A47 /* PragmaticTweetsTests.xctest */,
				15C5DFE51BF94AF800B10A47 /* PragmaticTweetsUITests.xctest */,
				159B17B91BFEABC20057BC7A /* PragmaticTweetsKeyboard.appex */,
				159B17CE1BFEBC450057BC7A /* PragmaticTweetsFramework.framework */,
				159B17D71BFEBC450057BC7A /* PragmaticTweetsFrameworkTests.xctest */,
			);
			name = Products;
			sourceTree = "<group>";
		};
		15C5DFC81BF94AF800B10A47 /* PragmaticTweets */ = {
			isa = PBXGroup;
			children = (
				15B567EA1BFD6C5000239B0C /* User Image Detail VC */,
				15B567E71BFD65A400239B0C /* Size Class Override */,
				15DD92F21BFD4E7B0037FEF8 /* User Detail VC */,
				15A676E31BFC1A8B0080000C /* Tweet Detail VC */,
				1506795A1BFC095D009FF3D7 /* Root VC */,
				15C5DFC91BF94AF800B10A47 /* AppDelegate.swift */,
				15C5DFCD1BF94AF800B10A47 /* Main.storyboard */,
				15C5DFD01BF94AF800B10A47 /* Assets.xcassets */,
				15C5DFD21BF94AF800B10A47 /* LaunchScreen.storyboard */,
				15C5DFD51BF94AF800B10A47 /* Info.plist */,
			);
			path = PragmaticTweets;
			sourceTree = "<group>";
		};
		15C5DFDD1BF94AF800B10A47 /* PragmaticTweetsTests */ = {
			isa = PBXGroup;
			children = (
				15C5DFDE1BF94AF800B10A47 /* PragmaticTweetsTests.swift */,
				15C5DFE01BF94AF800B10A47 /* Info.plist */,
			);
			path = PragmaticTweetsTests;
			sourceTree = "<group>";
		};
		15C5DFE81BF94AF800B10A47 /* PragmaticTweetsUITests */ = {
			isa = PBXGroup;
			children = (
				15C5DFE91BF94AF800B10A47 /* PragmaticTweetsUITests.swift */,
				15C5DFEB1BF94AF800B10A47 /* Info.plist */,
			);
			path = PragmaticTweetsUITests;
			sourceTree = "<group>";
		};
		15DD92F21BFD4E7B0037FEF8 /* User Detail VC */ = {
			isa = PBXGroup;
			children = (
				15DD92F31BFD4EB10037FEF8 /* UserDetailViewController.swift */,
			);
			name = "User Detail VC";
			sourceTree = "<group>";
		};
/* End PBXGroup section */

/* Begin PBXHeadersBuildPhase section */
		159B17CB1BFEBC450057BC7A /* Headers */ = {
			isa = PBXHeadersBuildPhase;
			buildActionMask = 2147483647;
			files = (
				159B17D11BFEBC450057BC7A /* PragmaticTweetsFramework.h in Headers */,
			);
			runOnlyForDeploymentPostprocessing = 0;
		};
/* End PBXHeadersBuildPhase section */

/* Begin PBXNativeTarget section */
		159B17B81BFEABC20057BC7A /* PragmaticTweetsKeyboard */ = {
			isa = PBXNativeTarget;
			buildConfigurationList = 159B17C11BFEABC20057BC7A /* Build configuration list for PBXNativeTarget "PragmaticTweetsKeyboard" */;
			buildPhases = (
				159B17B51BFEABC20057BC7A /* Sources */,
				159B17B61BFEABC20057BC7A /* Frameworks */,
				159B17B71BFEABC20057BC7A /* Resources */,
			);
			buildRules = (
			);
			dependencies = (
				150BD4C51BFEBDF100D66C50 /* PBXTargetDependency */,
			);
			name = PragmaticTweetsKeyboard;
			productName = PragmaticTweetsKeyboard;
			productReference = 159B17B91BFEABC20057BC7A /* PragmaticTweetsKeyboard.appex */;
			productType = "com.apple.product-type.app-extension";
		};
		159B17CD1BFEBC450057BC7A /* PragmaticTweetsFramework */ = {
			isa = PBXNativeTarget;
			buildConfigurationList = 159B17E51BFEBC450057BC7A /* Build configuration list for PBXNativeTarget "PragmaticTweetsFramework" */;
			buildPhases = (
				159B17C91BFEBC450057BC7A /* Sources */,
				159B17CA1BFEBC450057BC7A /* Frameworks */,
				159B17CB1BFEBC450057BC7A /* Headers */,
				159B17CC1BFEBC450057BC7A /* Resources */,
			);
			buildRules = (
			);
			dependencies = (
			);
			name = PragmaticTweetsFramework;
			productName = PragmaticTweetsFramework;
			productReference = 159B17CE1BFEBC450057BC7A /* PragmaticTweetsFramework.framework */;
			productType = "com.apple.product-type.framework";
		};
		159B17D61BFEBC450057BC7A /* PragmaticTweetsFrameworkTests */ = {
			isa = PBXNativeTarget;
			buildConfigurationList = 159B17E91BFEBC450057BC7A /* Build configuration list for PBXNativeTarget "PragmaticTweetsFrameworkTests" */;
			buildPhases = (
				159B17D31BFEBC450057BC7A /* Sources */,
				159B17D41BFEBC450057BC7A /* Frameworks */,
				159B17D51BFEBC450057BC7A /* Resources */,
			);
			buildRules = (
			);
			dependencies = (
				159B17DA1BFEBC450057BC7A /* PBXTargetDependency */,
				159B17DC1BFEBC450057BC7A /* PBXTargetDependency */,
			);
			name = PragmaticTweetsFrameworkTests;
			productName = PragmaticTweetsFrameworkTests;
			productReference = 159B17D71BFEBC450057BC7A /* PragmaticTweetsFrameworkTests.xctest */;
			productType = "com.apple.product-type.bundle.unit-test";
		};
		15C5DFC51BF94AF700B10A47 /* PragmaticTweets */ = {
			isa = PBXNativeTarget;
			buildConfigurationList = 15C5DFEE1BF94AF800B10A47 /* Build configuration list for PBXNativeTarget "PragmaticTweets" */;
			buildPhases = (
				15C5DFC21BF94AF700B10A47 /* Sources */,
				15C5DFC31BF94AF700B10A47 /* Frameworks */,
				15C5DFC41BF94AF700B10A47 /* Resources */,
				159B17C41BFEABC20057BC7A /* Embed App Extensions */,
				159B17E81BFEBC450057BC7A /* Embed Frameworks */,
			);
			buildRules = (
			);
			dependencies = (
				159B17BF1BFEABC20057BC7A /* PBXTargetDependency */,
				159B17E21BFEBC450057BC7A /* PBXTargetDependency */,
			);
			name = PragmaticTweets;
			productName = PragmaticTweets;
			productReference = 15C5DFC61BF94AF700B10A47 /* PragmaticTweets.app */;
			productType = "com.apple.product-type.application";
		};
		15C5DFD91BF94AF800B10A47 /* PragmaticTweetsTests */ = {
			isa = PBXNativeTarget;
			buildConfigurationList = 15C5DFF11BF94AF800B10A47 /* Build configuration list for PBXNativeTarget "PragmaticTweetsTests" */;
			buildPhases = (
				15C5DFD61BF94AF800B10A47 /* Sources */,
				15C5DFD71BF94AF800B10A47 /* Frameworks */,
				15C5DFD81BF94AF800B10A47 /* Resources */,
			);
			buildRules = (
			);
			dependencies = (
				15C5DFDC1BF94AF800B10A47 /* PBXTargetDependency */,
			);
			name = PragmaticTweetsTests;
			productName = PragmaticTweetsTests;
			productReference = 15C5DFDA1BF94AF800B10A47 /* PragmaticTweetsTests.xctest */;
			productType = "com.apple.product-type.bundle.unit-test";
		};
		15C5DFE41BF94AF800B10A47 /* PragmaticTweetsUITests */ = {
			isa = PBXNativeTarget;
			buildConfigurationList = 15C5DFF41BF94AF800B10A47 /* Build configuration list for PBXNativeTarget "PragmaticTweetsUITests" */;
			buildPhases = (
				15C5DFE11BF94AF800B10A47 /* Sources */,
				15C5DFE21BF94AF800B10A47 /* Frameworks */,
				15C5DFE31BF94AF800B10A47 /* Resources */,
			);
			buildRules = (
			);
			dependencies = (
				15C5DFE71BF94AF800B10A47 /* PBXTargetDependency */,
			);
			name = PragmaticTweetsUITests;
			productName = PragmaticTweetsUITests;
			productReference = 15C5DFE51BF94AF800B10A47 /* PragmaticTweetsUITests.xctest */;
			productType = "com.apple.product-type.bundle.ui-testing";
		};
/* End PBXNativeTarget section */

/* Begin PBXProject section */
		15C5DFBE1BF94AF700B10A47 /* Project object */ = {
			isa = PBXProject;
			attributes = {
				LastUpgradeCheck = 0700;
				ORGANIZATIONNAME = Jooper;
				TargetAttributes = {
					159B17B81BFEABC20057BC7A = {
						CreatedOnToolsVersion = 7.0.1;
					};
					159B17CD1BFEBC450057BC7A = {
						CreatedOnToolsVersion = 7.0.1;
					};
					159B17D61BFEBC450057BC7A = {
						CreatedOnToolsVersion = 7.0.1;
						TestTargetID = 15C5DFC51BF94AF700B10A47;
					};
					15C5DFC51BF94AF700B10A47 = {
						CreatedOnToolsVersion = 7.0.1;
					};
					15C5DFD91BF94AF800B10A47 = {
						CreatedOnToolsVersion = 7.0.1;
						TestTargetID = 15C5DFC51BF94AF700B10A47;
					};
					15C5DFE41BF94AF800B10A47 = {
						CreatedOnToolsVersion = 7.0.1;
						TestTargetID = 15C5DFC51BF94AF700B10A47;
					};
				};
			};
			buildConfigurationList = 15C5DFC11BF94AF700B10A47 /* Build configuration list for PBXProject "PragmaticTweets" */;
			compatibilityVersion = "Xcode 3.2";
			developmentRegion = English;
			hasScannedForEncodings = 0;
			knownRegions = (
				en,
				Base,
			);
			mainGroup = 15C5DFBD1BF94AF700B10A47;
			productRefGroup = 15C5DFC71BF94AF700B10A47 /* Products */;
			projectDirPath = "";
			projectRoot = "";
			targets = (
				15C5DFC51BF94AF700B10A47 /* PragmaticTweets */,
				15C5DFD91BF94AF800B10A47 /* PragmaticTweetsTests */,
				15C5DFE41BF94AF800B10A47 /* PragmaticTweetsUITests */,
				159B17B81BFEABC20057BC7A /* PragmaticTweetsKeyboard */,
				159B17CD1BFEBC450057BC7A /* PragmaticTweetsFramework */,
				159B17D61BFEBC450057BC7A /* PragmaticTweetsFrameworkTests */,
			);
		};
/* End PBXProject section */

/* Begin PBXResourcesBuildPhase section */
		159B17B71BFEABC20057BC7A /* Resources */ = {
			isa = PBXResourcesBuildPhase;
			buildActionMask = 2147483647;
			files = (
				159B17C61BFEAD080057BC7A /* PragmaticTweetsKeyboard.storyboard in Resources */,
			);
			runOnlyForDeploymentPostprocessing = 0;
		};
		159B17CC1BFEBC450057BC7A /* Resources */ = {
			isa = PBXResourcesBuildPhase;
			buildActionMask = 2147483647;
			files = (
			);
			runOnlyForDeploymentPostprocessing = 0;
		};
		159B17D51BFEBC450057BC7A /* Resources */ = {
			isa = PBXResourcesBuildPhase;
			buildActionMask = 2147483647;
			files = (
			);
			runOnlyForDeploymentPostprocessing = 0;
		};
		15C5DFC41BF94AF700B10A47 /* Resources */ = {
			isa = PBXResourcesBuildPhase;
			buildActionMask = 2147483647;
			files = (
				15C5DFD41BF94AF800B10A47 /* LaunchScreen.storyboard in Resources */,
				15C5DFD11BF94AF800B10A47 /* Assets.xcassets in Resources */,
				15C5DFCF1BF94AF800B10A47 /* Main.storyboard in Resources */,
			);
			runOnlyForDeploymentPostprocessing = 0;
		};
		15C5DFD81BF94AF800B10A47 /* Resources */ = {
			isa = PBXResourcesBuildPhase;
			buildActionMask = 2147483647;
			files = (
			);
			runOnlyForDeploymentPostprocessing = 0;
		};
		15C5DFE31BF94AF800B10A47 /* Resources */ = {
			isa = PBXResourcesBuildPhase;
			buildActionMask = 2147483647;
			files = (
			);
			runOnlyForDeploymentPostprocessing = 0;
		};
/* End PBXResourcesBuildPhase section */

/* Begin PBXSourcesBuildPhase section */
		159B17B51BFEABC20057BC7A /* Sources */ = {
			isa = PBXSourcesBuildPhase;
			buildActionMask = 2147483647;
			files = (
				159B17BC1BFEABC20057BC7A /* KeyboardViewController.swift in Sources */,
			);
			runOnlyForDeploymentPostprocessing = 0;
		};
		159B17C91BFEBC450057BC7A /* Sources */ = {
			isa = PBXSourcesBuildPhase;
			buildActionMask = 2147483647;
			files = (
				159B17ED1BFEBCB10057BC7A /* ParsedTweet.swift in Sources */,
				159B17EC1BFEBCAD0057BC7A /* TwitterAPIRequestUtilities.swift in Sources */,
			);
			runOnlyForDeploymentPostprocessing = 0;
		};
		159B17D31BFEBC450057BC7A /* Sources */ = {
			isa = PBXSourcesBuildPhase;
			buildActionMask = 2147483647;
			files = (
				159B17DF1BFEBC450057BC7A /* PragmaticTweetsFrameworkTests.swift in Sources */,
			);
			runOnlyForDeploymentPostprocessing = 0;
		};
		15C5DFC21BF94AF700B10A47 /* Sources */ = {
			isa = PBXSourcesBuildPhase;
			buildActionMask = 2147483647;
			files = (
				15B567E91BFD65CC00239B0C /* SizeClassOverrideViewController.swift in Sources */,
				15B567EC1BFD6C7500239B0C /* UserImageDetailViewController.swift in Sources */,
				15DD92F41BFD4EB10037FEF8 /* UserDetailViewController.swift in Sources */,
				159B30491BFAB54000410CAC /* ParsedTweetCell.swift in Sources */,
				15C5DFCC1BF94AF800B10A47 /* RootViewController.swift in Sources */,
				15C5DFCA1BF94AF800B10A47 /* AppDelegate.swift in Sources */,
				15A676E51BFC1AE10080000C /* TweetDetailViewController.swift in Sources */,
			);
			runOnlyForDeploymentPostprocessing = 0;
		};
		15C5DFD61BF94AF800B10A47 /* Sources */ = {
			isa = PBXSourcesBuildPhase;
			buildActionMask = 2147483647;
			files = (
				15C5DFDF1BF94AF800B10A47 /* PragmaticTweetsTests.swift in Sources */,
			);
			runOnlyForDeploymentPostprocessing = 0;
		};
		15C5DFE11BF94AF800B10A47 /* Sources */ = {
			isa = PBXSourcesBuildPhase;
			buildActionMask = 2147483647;
			files = (
				15C5DFEA1BF94AF800B10A47 /* PragmaticTweetsUITests.swift in Sources */,
			);
			runOnlyForDeploymentPostprocessing = 0;
		};
/* End PBXSourcesBuildPhase section */

/* Begin PBXTargetDependency section */
		150BD4C51BFEBDF100D66C50 /* PBXTargetDependency */ = {
			isa = PBXTargetDependency;
			target = 159B17CD1BFEBC450057BC7A /* PragmaticTweetsFramework */;
			targetProxy = 150BD4C41BFEBDF100D66C50 /* PBXContainerItemProxy */;
		};
		159B17BF1BFEABC20057BC7A /* PBXTargetDependency */ = {
			isa = PBXTargetDependency;
			target = 159B17B81BFEABC20057BC7A /* PragmaticTweetsKeyboard */;
			targetProxy = 159B17BE1BFEABC20057BC7A /* PBXContainerItemProxy */;
		};
		159B17DA1BFEBC450057BC7A /* PBXTargetDependency */ = {
			isa = PBXTargetDependency;
			target = 159B17CD1BFEBC450057BC7A /* PragmaticTweetsFramework */;
			targetProxy = 159B17D91BFEBC450057BC7A /* PBXContainerItemProxy */;
		};
		159B17DC1BFEBC450057BC7A /* PBXTargetDependency */ = {
			isa = PBXTargetDependency;
			target = 15C5DFC51BF94AF700B10A47 /* PragmaticTweets */;
			targetProxy = 159B17DB1BFEBC450057BC7A /* PBXContainerItemProxy */;
		};
		159B17E21BFEBC450057BC7A /* PBXTargetDependency */ = {
			isa = PBXTargetDependency;
			target = 159B17CD1BFEBC450057BC7A /* PragmaticTweetsFramework */;
			targetProxy = 159B17E11BFEBC450057BC7A /* PBXContainerItemProxy */;
		};
		15C5DFDC1BF94AF800B10A47 /* PBXTargetDependency */ = {
			isa = PBXTargetDependency;
			target = 15C5DFC51BF94AF700B10A47 /* PragmaticTweets */;
			targetProxy = 15C5DFDB1BF94AF800B10A47 /* PBXContainerItemProxy */;
		};
		15C5DFE71BF94AF800B10A47 /* PBXTargetDependency */ = {
			isa = PBXTargetDependency;
			target = 15C5DFC51BF94AF700B10A47 /* PragmaticTweets */;
			targetProxy = 15C5DFE61BF94AF800B10A47 /* PBXContainerItemProxy */;
		};
/* End PBXTargetDependency section */

/* Begin PBXVariantGroup section */
		15C5DFCD1BF94AF800B10A47 /* Main.storyboard */ = {
			isa = PBXVariantGroup;
			children = (
				15C5DFCE1BF94AF800B10A47 /* Base */,
			);
			name = Main.storyboard;
			sourceTree = "<group>";
		};
		15C5DFD21BF94AF800B10A47 /* LaunchScreen.storyboard */ = {
			isa = PBXVariantGroup;
			children = (
				15C5DFD31BF94AF800B10A47 /* Base */,
			);
			name = LaunchScreen.storyboard;
			sourceTree = "<group>";
		};
/* End PBXVariantGroup section */

/* Begin XCBuildConfiguration section */
		159B17C21BFEABC20057BC7A /* Debug */ = {
			isa = XCBuildConfiguration;
			buildSettings = {
				INFOPLIST_FILE = PragmaticTweetsKeyboard/Info.plist;
				LD_RUNPATH_SEARCH_PATHS = "$(inherited) @executable_path/Frameworks @executable_path/../../Frameworks";
				PRODUCT_BUNDLE_IDENTIFIER = org.jooper.PragmaticTweets.PragmaticTweetsKeyboard;
				PRODUCT_NAME = "$(TARGET_NAME)";
				SKIP_INSTALL = YES;
			};
			name = Debug;
		};
		159B17C31BFEABC20057BC7A /* Release */ = {
			isa = XCBuildConfiguration;
			buildSettings = {
				INFOPLIST_FILE = PragmaticTweetsKeyboard/Info.plist;
				LD_RUNPATH_SEARCH_PATHS = "$(inherited) @executable_path/Frameworks @executable_path/../../Frameworks";
				PRODUCT_BUNDLE_IDENTIFIER = org.jooper.PragmaticTweets.PragmaticTweetsKeyboard;
				PRODUCT_NAME = "$(TARGET_NAME)";
				SKIP_INSTALL = YES;
			};
			name = Release;
		};
		159B17E61BFEBC450057BC7A /* Debug */ = {
			isa = XCBuildConfiguration;
			buildSettings = {
				CURRENT_PROJECT_VERSION = 1;
				DEFINES_MODULE = YES;
				DYLIB_COMPATIBILITY_VERSION = 1;
				DYLIB_CURRENT_VERSION = 1;
				DYLIB_INSTALL_NAME_BASE = "@rpath";
				INFOPLIST_FILE = PragmaticTweetsFramework/Info.plist;
				INSTALL_PATH = "$(LOCAL_LIBRARY_DIR)/Frameworks";
				LD_RUNPATH_SEARCH_PATHS = "$(inherited) @executable_path/Frameworks @loader_path/Frameworks";
				PRODUCT_BUNDLE_IDENTIFIER = org.jooper.PragmaticTweetsFramework;
				PRODUCT_NAME = "$(TARGET_NAME)";
				SKIP_INSTALL = YES;
				VERSIONING_SYSTEM = "apple-generic";
				VERSION_INFO_PREFIX = "";
			};
			name = Debug;
		};
		159B17E71BFEBC450057BC7A /* Release */ = {
			isa = XCBuildConfiguration;
			buildSettings = {
				CURRENT_PROJECT_VERSION = 1;
				DEFINES_MODULE = YES;
				DYLIB_COMPATIBILITY_VERSION = 1;
				DYLIB_CURRENT_VERSION = 1;
				DYLIB_INSTALL_NAME_BASE = "@rpath";
				INFOPLIST_FILE = PragmaticTweetsFramework/Info.plist;
				INSTALL_PATH = "$(LOCAL_LIBRARY_DIR)/Frameworks";
				LD_RUNPATH_SEARCH_PATHS = "$(inherited) @executable_path/Frameworks @loader_path/Frameworks";
				PRODUCT_BUNDLE_IDENTIFIER = org.jooper.PragmaticTweetsFramework;
				PRODUCT_NAME = "$(TARGET_NAME)";
				SKIP_INSTALL = YES;
				VERSIONING_SYSTEM = "apple-generic";
				VERSION_INFO_PREFIX = "";
			};
			name = Release;
		};
		159B17EA1BFEBC450057BC7A /* Debug */ = {
			isa = XCBuildConfiguration;
			buildSettings = {
				INFOPLIST_FILE = PragmaticTweetsFrameworkTests/Info.plist;
				LD_RUNPATH_SEARCH_PATHS = "$(inherited) @executable_path/Frameworks @loader_path/Frameworks";
				PRODUCT_BUNDLE_IDENTIFIER = org.jooper.PragmaticTweetsFrameworkTests;
				PRODUCT_NAME = "$(TARGET_NAME)";
				TEST_HOST = "$(BUILT_PRODUCTS_DIR)/PragmaticTweets.app/PragmaticTweets";
			};
			name = Debug;
		};
		159B17EB1BFEBC450057BC7A /* Release */ = {
			isa = XCBuildConfiguration;
			buildSettings = {
				INFOPLIST_FILE = PragmaticTweetsFrameworkTests/Info.plist;
				LD_RUNPATH_SEARCH_PATHS = "$(inherited) @executable_path/Frameworks @loader_path/Frameworks";
				PRODUCT_BUNDLE_IDENTIFIER = org.jooper.PragmaticTweetsFrameworkTests;
				PRODUCT_NAME = "$(TARGET_NAME)";
				TEST_HOST = "$(BUILT_PRODUCTS_DIR)/PragmaticTweets.app/PragmaticTweets";
			};
			name = Release;
		};
		15C5DFEC1BF94AF800B10A47 /* Debug */ = {
			isa = XCBuildConfiguration;
			buildSettings = {
				ALWAYS_SEARCH_USER_PATHS = NO;
				CLANG_CXX_LANGUAGE_STANDARD = "gnu++0x";
				CLANG_CXX_LIBRARY = "libc++";
				CLANG_ENABLE_MODULES = YES;
				CLANG_ENABLE_OBJC_ARC = YES;
				CLANG_WARN_BOOL_CONVERSION = YES;
				CLANG_WARN_CONSTANT_CONVERSION = YES;
				CLANG_WARN_DIRECT_OBJC_ISA_USAGE = YES_ERROR;
				CLANG_WARN_EMPTY_BODY = YES;
				CLANG_WARN_ENUM_CONVERSION = YES;
				CLANG_WARN_INT_CONVERSION = YES;
				CLANG_WARN_OBJC_ROOT_CLASS = YES_ERROR;
				CLANG_WARN_UNREACHABLE_CODE = YES;
				CLANG_WARN__DUPLICATE_METHOD_MATCH = YES;
				"CODE_SIGN_IDENTITY[sdk=iphoneos*]" = "iPhone Developer";
				COPY_PHASE_STRIP = NO;
				DEBUG_INFORMATION_FORMAT = dwarf;
				ENABLE_STRICT_OBJC_MSGSEND = YES;
				ENABLE_TESTABILITY = YES;
				GCC_C_LANGUAGE_STANDARD = gnu99;
				GCC_DYNAMIC_NO_PIC = NO;
				GCC_NO_COMMON_BLOCKS = YES;
				GCC_OPTIMIZATION_LEVEL = 0;
				GCC_PREPROCESSOR_DEFINITIONS = (
					"DEBUG=1",
					"$(inherited)",
				);
				GCC_WARN_64_TO_32_BIT_CONVERSION = YES;
				GCC_WARN_ABOUT_RETURN_TYPE = YES_ERROR;
				GCC_WARN_UNDECLARED_SELECTOR = YES;
				GCC_WARN_UNINITIALIZED_AUTOS = YES_AGGRESSIVE;
				GCC_WARN_UNUSED_FUNCTION = YES;
				GCC_WARN_UNUSED_VARIABLE = YES;
				IPHONEOS_DEPLOYMENT_TARGET = 9.0;
				MTL_ENABLE_DEBUG_INFO = YES;
				ONLY_ACTIVE_ARCH = YES;
				SDKROOT = iphoneos;
				SWIFT_OPTIMIZATION_LEVEL = "-Onone";
				TARGETED_DEVICE_FAMILY = "1,2";
			};
			name = Debug;
		};
		15C5DFED1BF94AF800B10A47 /* Release */ = {
			isa = XCBuildConfiguration;
			buildSettings = {
				ALWAYS_SEARCH_USER_PATHS = NO;
				CLANG_CXX_LANGUAGE_STANDARD = "gnu++0x";
				CLANG_CXX_LIBRARY = "libc++";
				CLANG_ENABLE_MODULES = YES;
				CLANG_ENABLE_OBJC_ARC = YES;
				CLANG_WARN_BOOL_CONVERSION = YES;
				CLANG_WARN_CONSTANT_CONVERSION = YES;
				CLANG_WARN_DIRECT_OBJC_ISA_USAGE = YES_ERROR;
				CLANG_WARN_EMPTY_BODY = YES;
				CLANG_WARN_ENUM_CONVERSION = YES;
				CLANG_WARN_INT_CONVERSION = YES;
				CLANG_WARN_OBJC_ROOT_CLASS = YES_ERROR;
				CLANG_WARN_UNREACHABLE_CODE = YES;
				CLANG_WARN__DUPLICATE_METHOD_MATCH = YES;
				"CODE_SIGN_IDENTITY[sdk=iphoneos*]" = "iPhone Developer";
				COPY_PHASE_STRIP = NO;
				DEBUG_INFORMATION_FORMAT = "dwarf-with-dsym";
				ENABLE_NS_ASSERTIONS = NO;
				ENABLE_STRICT_OBJC_MSGSEND = YES;
				GCC_C_LANGUAGE_STANDARD = gnu99;
				GCC_NO_COMMON_BLOCKS = YES;
				GCC_WARN_64_TO_32_BIT_CONVERSION = YES;
				GCC_WARN_ABOUT_RETURN_TYPE = YES_ERROR;
				GCC_WARN_UNDECLARED_SELECTOR = YES;
				GCC_WARN_UNINITIALIZED_AUTOS = YES_AGGRESSIVE;
				GCC_WARN_UNUSED_FUNCTION = YES;
				GCC_WARN_UNUSED_VARIABLE = YES;
				IPHONEOS_DEPLOYMENT_TARGET = 9.0;
				MTL_ENABLE_DEBUG_INFO = NO;
				SDKROOT = iphoneos;
				TARGETED_DEVICE_FAMILY = "1,2";
				VALIDATE_PRODUCT = YES;
			};
			name = Release;
		};
		15C5DFEF1BF94AF800B10A47 /* Debug */ = {
			isa = XCBuildConfiguration;
			buildSettings = {
				ASSETCATALOG_COMPILER_APPICON_NAME = AppIcon;
				EMBEDDED_CONTENT_CONTAINS_SWIFT = YES;
				INFOPLIST_FILE = PragmaticTweets/Info.plist;
				LD_RUNPATH_SEARCH_PATHS = "$(inherited) @executable_path/Frameworks";
				PRODUCT_BUNDLE_IDENTIFIER = org.jooper.PragmaticTweets;
				PRODUCT_NAME = "$(TARGET_NAME)";
			};
			name = Debug;
		};
		15C5DFF01BF94AF800B10A47 /* Release */ = {
			isa = XCBuildConfiguration;
			buildSettings = {
				ASSETCATALOG_COMPILER_APPICON_NAME = AppIcon;
				EMBEDDED_CONTENT_CONTAINS_SWIFT = YES;
				INFOPLIST_FILE = PragmaticTweets/Info.plist;
				LD_RUNPATH_SEARCH_PATHS = "$(inherited) @executable_path/Frameworks";
				PRODUCT_BUNDLE_IDENTIFIER = org.jooper.PragmaticTweets;
				PRODUCT_NAME = "$(TARGET_NAME)";
			};
			name = Release;
		};
		15C5DFF21BF94AF800B10A47 /* Debug */ = {
			isa = XCBuildConfiguration;
			buildSettings = {
				BUNDLE_LOADER = "$(TEST_HOST)";
				INFOPLIST_FILE = PragmaticTweetsTests/Info.plist;
				LD_RUNPATH_SEARCH_PATHS = "$(inherited) @executable_path/Frameworks @loader_path/Frameworks";
				PRODUCT_BUNDLE_IDENTIFIER = org.jooper.PragmaticTweetsTests;
				PRODUCT_NAME = "$(TARGET_NAME)";
				TEST_HOST = "$(BUILT_PRODUCTS_DIR)/PragmaticTweets.app/PragmaticTweets";
			};
			name = Debug;
		};
		15C5DFF31BF94AF800B10A47 /* Release */ = {
			isa = XCBuildConfiguration;
			buildSettings = {
				BUNDLE_LOADER = "$(TEST_HOST)";
				INFOPLIST_FILE = PragmaticTweetsTests/Info.plist;
				LD_RUNPATH_SEARCH_PATHS = "$(inherited) @executable_path/Frameworks @loader_path/Frameworks";
				PRODUCT_BUNDLE_IDENTIFIER = org.jooper.PragmaticTweetsTests;
				PRODUCT_NAME = "$(TARGET_NAME)";
				TEST_HOST = "$(BUILT_PRODUCTS_DIR)/PragmaticTweets.app/PragmaticTweets";
			};
			name = Release;
		};
		15C5DFF51BF94AF800B10A47 /* Debug */ = {
			isa = XCBuildConfiguration;
			buildSettings = {
				INFOPLIST_FILE = PragmaticTweetsUITests/Info.plist;
				LD_RUNPATH_SEARCH_PATHS = "$(inherited) @executable_path/Frameworks @loader_path/Frameworks";
				PRODUCT_BUNDLE_IDENTIFIER = org.jooper.PragmaticTweetsUITests;
				PRODUCT_NAME = "$(TARGET_NAME)";
				TEST_TARGET_NAME = PragmaticTweets;
				USES_XCTRUNNER = YES;
			};
			name = Debug;
		};
		15C5DFF61BF94AF800B10A47 /* Release */ = {
			isa = XCBuildConfiguration;
			buildSettings = {
				INFOPLIST_FILE = PragmaticTweetsUITests/Info.plist;
				LD_RUNPATH_SEARCH_PATHS = "$(inherited) @executable_path/Frameworks @loader_path/Frameworks";
				PRODUCT_BUNDLE_IDENTIFIER = org.jooper.PragmaticTweetsUITests;
				PRODUCT_NAME = "$(TARGET_NAME)";
				TEST_TARGET_NAME = PragmaticTweets;
				USES_XCTRUNNER = YES;
			};
			name = Release;
		};
/* End XCBuildConfiguration section */

/* Begin XCConfigurationList section */
		159B17C11BFEABC20057BC7A /* Build configuration list for PBXNativeTarget "PragmaticTweetsKeyboard" */ = {
			isa = XCConfigurationList;
			buildConfigurations = (
				159B17C21BFEABC20057BC7A /* Debug */,
				159B17C31BFEABC20057BC7A /* Release */,
			);
			defaultConfigurationIsVisible = 0;
			defaultConfigurationName = Release;
		};
		159B17E51BFEBC450057BC7A /* Build configuration list for PBXNativeTarget "PragmaticTweetsFramework" */ = {
			isa = XCConfigurationList;
			buildConfigurations = (
				159B17E61BFEBC450057BC7A /* Debug */,
				159B17E71BFEBC450057BC7A /* Release */,
			);
			defaultConfigurationIsVisible = 0;
			defaultConfigurationName = Release;
		};
		159B17E91BFEBC450057BC7A /* Build configuration list for PBXNativeTarget "PragmaticTweetsFrameworkTests" */ = {
			isa = XCConfigurationList;
			buildConfigurations = (
				159B17EA1BFEBC450057BC7A /* Debug */,
				159B17EB1BFEBC450057BC7A /* Release */,
			);
			defaultConfigurationIsVisible = 0;
			defaultConfigurationName = Release;
		};
		15C5DFC11BF94AF700B10A47 /* Build configuration list for PBXProject "PragmaticTweets" */ = {
			isa = XCConfigurationList;
			buildConfigurations = (
				15C5DFEC1BF94AF800B10A47 /* Debug */,
				15C5DFED1BF94AF800B10A47 /* Release */,
			);
			defaultConfigurationIsVisible = 0;
			defaultConfigurationName = Release;
		};
		15C5DFEE1BF94AF800B10A47 /* Build configuration list for PBXNativeTarget "PragmaticTweets" */ = {
			isa = XCConfigurationList;
			buildConfigurations = (
				15C5DFEF1BF94AF800B10A47 /* Debug */,
				15C5DFF01BF94AF800B10A47 /* Release */,
			);
			defaultConfigurationIsVisible = 0;
			defaultConfigurationName = Release;
		};
		15C5DFF11BF94AF800B10A47 /* Build configuration list for PBXNativeTarget "PragmaticTweetsTests" */ = {
			isa = XCConfigurationList;
			buildConfigurations = (
				15C5DFF21BF94AF800B10A47 /* Debug */,
				15C5DFF31BF94AF800B10A47 /* Release */,
			);
			defaultConfigurationIsVisible = 0;
			defaultConfigurationName = Release;
		};
		15C5DFF41BF94AF800B10A47 /* Build configuration list for PBXNativeTarget "PragmaticTweetsUITests" */ = {
			isa = XCConfigurationList;
			buildConfigurations = (
				15C5DFF51BF94AF800B10A47 /* Debug */,
				15C5DFF61BF94AF800B10A47 /* Release */,
			);
			defaultConfigurationIsVisible = 0;
			defaultConfigurationName = Release;
		};
/* End XCConfigurationList section */
	};
	rootObject = 15C5DFBE1BF94AF700B10A47 /* Project object */;
}
